
Microsoft Visual Studio Solution File, Format Version 12.00
# Visual Studio Version 17
VisualStudioVersion = 17.7.34221.43
MinimumVisualStudioVersion = 10.0.40219.1
Project("{FAE04EC0-301F-11D3-BF4B-00C04F79EFBC}") = "ISProjectSchool", "ISProjectSchool\ISProjectSchool.csproj", "{71BA7295-61EA-446A-A7C7-F49E4F5216F6}"
EndProject
Global
	GlobalSection(SolutionConfigurationPlatforms) = preSolution
		Debug|Any CPU = Debug|Any CPU
		Release|Any CPU = Release|Any CPU
	EndGlobalSection
	GlobalSection(ProjectConfigurationPlatforms) = postSolution
		{71BA7295-61EA-446A-A7C7-F49E4F5216F6}.Debug|Any CPU.ActiveCfg = Debug|Any CPU
		{71BA7295-61EA-446A-A7C7-F49E4F5216F6}.Debug|Any CPU.Build.0 = Debug|Any CPU
		{71BA7295-61EA-446A-A7C7-F49E4F5216F6}.Release|Any CPU.ActiveCfg = Release|Any CPU
		{71BA7295-61EA-446A-A7C7-F49E4F5216F6}.Release|Any CPU.Build.0 = Release|Any CPU
	EndGlobalSection
	GlobalSection(SolutionProperties) = preSolution
		HideSolutionNode = FALSE
	EndGlobalSection
	GlobalSection(ExtensibilityGlobals) = postSolution
		SolutionGuid = {59118838-F22B-47C2-8372-4F0C413610D7}
	EndGlobalSection
EndGlobal
